PODS:
  - AVOSCloud (9.0.1)
  - AVOSCloudIM (9.0.1):
    - AVOSCloud (= 9.0.1)
    - AVOSCloudIM/_ARC (= 9.0.1)
    - AVOSCloudIM/_NOARC (= 9.0.1)
  - AVOSCloudIM/_ARC (9.0.1):
    - AVOSCloud (= 9.0.1)
    - AVOSCloudIM/_NOARC (= 9.0.1)
  - AVOSCloudIM/_NOARC (9.0.1):
    - AVOSCloud (= 9.0.1)
  - Segmentio (3.0)

DEPENDENCIES:
  - AVOSCloud
  - AVOSCloudIM
  - Segmentio (~> 3.0)

SPEC CHECKSUMS:
  AVOSCloud: c107102329a7efac60f36d46e7e9b0e4edc0e060
  AVOSCloudIM: d534cc9106f54cfc50eb849bcfe5412c1b4fd565
  Segmentio: 1607fba3b42230f5f91e997d1a3f337f1176674c

PODFILE CHECKSUM: 4f55a1e976cc370d11a8a4560fa6622ab6425f62

COCOAPODS: 1.4.0
