// !$*UTF8*$!
{
	archiveVersion = 1;
	classes = {
	};
	objectVersion = 48;
	objects = {

/* Begin PBXBuildFile section */
		00ED1ED1204FEB28008CB70A /* AppDelegate.swift in Sources */ = {isa = PBXBuildFile; fileRef = 00ED1ED0204FEB28008CB70A /* AppDelegate.swift */; };
		00ED1ED3204FEB28008CB70A /* ViewController.swift in Sources */ = {isa = PBXBuildFile; fileRef = 00ED1ED2204FEB28008CB70A /* ViewController.swift */; };
		00ED1ED6204FEB28008CB70A /* Main.storyboard in Resources */ = {isa = PBXBuildFile; fileRef = 00ED1ED4204FEB28008CB70A /* Main.storyboard */; };
		00ED1ED9204FEB29008CB70A /* History.xcdatamodeld in Sources */ = {isa = PBXBuildFile; fileRef = 00ED1ED7204FEB28008CB70A /* History.xcdatamodeld */; };
		00ED1EDB204FEB29008CB70A /* Assets.xcassets in Resources */ = {isa = PBXBuildFile; fileRef = 00ED1EDA204FEB29008CB70A /* Assets.xcassets */; };
		00ED1EDE204FEB29008CB70A /* LaunchScreen.storyboard in Resources */ = {isa = PBXBuildFile; fileRef = 00ED1EDC204FEB29008CB70A /* LaunchScreen.storyboard */; };
		00ED1EE9204FEB2A008CB70A /* HistoryTests.swift in Sources */ = {isa = PBXBuildFile; fileRef = 00ED1EE8204FEB2A008CB70A /* HistoryTests.swift */; };
		00ED1EF4204FEB2A008CB70A /* HistoryUITests.swift in Sources */ = {isa = PBXBuildFile; fileRef = 00ED1EF3204FEB2A008CB70A /* HistoryUITests.swift */; };
/* End PBXBuildFile section */

/* Begin PBXContainerItemProxy section */
		00ED1EE5204FEB29008CB70A /* PBXContainerItemProxy */ = {
			isa = PBXContainerItemProxy;
			containerPortal = 00ED1EC5204FEB27008CB70A /* Project object */;
			proxyType = 1;
			remoteGlobalIDString = 00ED1ECC204FEB27008CB70A;
			remoteInfo = History;
		};
		00ED1EF0204FEB2A008CB70A /* PBXContainerItemProxy */ = {
			isa = PBXContainerItemProxy;
			containerPortal = 00ED1EC5204FEB27008CB70A /* Project object */;
			proxyType = 1;
			remoteGlobalIDString = 00ED1ECC204FEB27008CB70A;
			remoteInfo = History;
		};
/* End PBXContainerItemProxy section */

/* Begin PBXFileReference section */
		00ED1ECD204FEB27008CB70A /* History.app */ = {isa = PBXFileReference; explicitFileType = wrapper.application; includeInIndex = 0; path = History.app; sourceTree = BUILT_PRODUCTS_DIR; };
		00ED1ED0204FEB28008CB70A /* AppDelegate.swift */ = {isa = PBXFileReference; lastKnownFileType = sourcecode.swift; path = AppDelegate.swift; sourceTree = "<group>"; };
		00ED1ED2204FEB28008CB70A /* ViewController.swift */ = {isa = PBXFileReference; lastKnownFileType = sourcecode.swift; path = ViewController.swift; sourceTree = "<group>"; };
		00ED1ED5204FEB28008CB70A /* Base */ = {isa = PBXFileReference; lastKnownFileType = file.storyboard; name = Base; path = Base.lproj/Main.storyboard; sourceTree = "<group>"; };
		00ED1ED8204FEB28008CB70A /* History.xcdatamodel */ = {isa = PBXFileReference; lastKnownFileType = wrapper.xcdatamodel; path = History.xcdatamodel; sourceTree = "<group>"; };
		00ED1EDA204FEB29008CB70A /* Assets.xcassets */ = {isa = PBXFileReference; lastKnownFileType = folder.assetcatalog; path = Assets.xcassets; sourceTree = "<group>"; };
		00ED1EDD204FEB29008CB70A /* Base */ = {isa = PBXFileReference; lastKnownFileType = file.storyboard; name = Base; path = Base.lproj/LaunchScreen.storyboard; sourceTree = "<group>"; };
		00ED1EDF204FEB29008CB70A /* Info.plist */ = {isa = PBXFileReference; lastKnownFileType = text.plist.xml; path = Info.plist; sourceTree = "<group>"; };
		00ED1EE4204FEB29008CB70A /* HistoryTests.xctest */ = {isa = PBXFileReference; explicitFileType = wrapper.cfbundle; includeInIndex = 0; path = HistoryTests.xctest; sourceTree = BUILT_PRODUCTS_DIR; };
		00ED1EE8204FEB2A008CB70A /* HistoryTests.swift */ = {isa = PBXFileReference; lastKnownFileType = sourcecode.swift; path = HistoryTests.swift; sourceTree = "<group>"; };
		00ED1EEA204FEB2A008CB70A /* Info.plist */ = {isa = PBXFileReference; lastKnownFileType = text.plist.xml; path = Info.plist; sourceTree = "<group>"; };
		00ED1EEF204FEB2A008CB70A /* HistoryUITests.xctest */ = {isa = PBXFileReference; explicitFileType = wrapper.cfbundle; includeInIndex = 0; path = HistoryUITests.xctest; sourceTree = BUILT_PRODUCTS_DIR; };
		00ED1EF3204FEB2A008CB70A /* HistoryUITests.swift */ = {isa = PBXFileReference; lastKnownFileType = sourcecode.swift; path = HistoryUITests.swift; sourceTree = "<group>"; };
		00ED1EF5204FEB2A008CB70A /* Info.plist */ = {isa = PBXFileReference; lastKnownFileType = text.plist.xml; path = Info.plist; sourceTree = "<group>"; };
/* End PBXFileReference section */

/* Begin PBXFrameworksBuildPhase section */
		00ED1ECA204FEB27008CB70A /* Frameworks */ = {
			isa = PBXFrameworksBuildPhase;
			buildActionMask = 2147483647;
			files = (
			);
			runOnlyForDeploymentPostprocessing = 0;
		};
		00ED1EE1204FEB29008CB70A /* Frameworks */ = {
			isa = PBXFrameworksBuildPhase;
			buildActionMask = 2147483647;
			files = (
			);
			runOnlyForDeploymentPostprocessing = 0;
		};
		00ED1EEC204FEB2A008CB70A /* Frameworks */ = {
			isa = PBXFrameworksBuildPhase;
			buildActionMask = 2147483647;
			files = (
			);
			runOnlyForDeploymentPostprocessing = 0;
		};
/* End PBXFrameworksBuildPhase section */

/* Begin PBXGroup section */
		00ED1EC4204FEB27008CB70A = {
			isa = PBXGroup;
			children = (
				00ED1ECF204FEB27008CB70A /* History */,
				00ED1EE7204FEB2A008CB70A /* HistoryTests */,
				00ED1EF2204FEB2A008CB70A /* HistoryUITests */,
				00ED1ECE204FEB27008CB70A /* Products */,
			);
			sourceTree = "<group>";
		};
		00ED1ECE204FEB27008CB70A /* Products */ = {
			isa = PBXGroup;
			children = (
				00ED1ECD204FEB27008CB70A /* History.app */,
				00ED1EE4204FEB29008CB70A /* HistoryTests.xctest */,
				00ED1EEF204FEB2A008CB70A /* HistoryUITests.xctest */,
			);
			name = Products;
			sourceTree = "<group>";
		};
		00ED1ECF204FEB27008CB70A /* History */ = {
			isa = PBXGroup;
			children = (
				00ED1ED0204FEB28008CB70A /* AppDelegate.swift */,
				00ED1ED2204FEB28008CB70A /* ViewController.swift */,
				00ED1ED4204FEB28008CB70A /* Main.storyboard */,
				00ED1EDA204FEB29008CB70A /* Assets.xcassets */,
				00ED1EDC204FEB29008CB70A /* LaunchScreen.storyboard */,
				00ED1EDF204FEB29008CB70A /* Info.plist */,
				00ED1ED7204FEB28008CB70A /* History.xcdatamodeld */,
			);
			path = History;
			sourceTree = "<group>";
		};
		00ED1EE7204FEB2A008CB70A /* HistoryTests */ = {
			isa = PBXGroup;
			children = (
				00ED1EE8204FEB2A008CB70A /* HistoryTests.swift */,
				00ED1EEA204FEB2A008CB70A /* Info.plist */,
			);
			path = HistoryTests;
			sourceTree = "<group>";
		};
		00ED1EF2204FEB2A008CB70A /* HistoryUITests */ = {
			isa = PBXGroup;
			children = (
				00ED1EF3204FEB2A008CB70A /* HistoryUITests.swift */,
				00ED1EF5204FEB2A008CB70A /* Info.plist */,
			);
			path = HistoryUITests;
			sourceTree = "<group>";
		};
/* End PBXGroup section */

/* Begin PBXNativeTarget section */
		00ED1ECC204FEB27008CB70A /* History */ = {
			isa = PBXNativeTarget;
			buildConfigurationList = 00ED1EF8204FEB2A008CB70A /* Build configuration list for PBXNativeTarget "History" */;
			buildPhases = (
				00ED1EC9204FEB27008CB70A /* Sources */,
				00ED1ECA204FEB27008CB70A /* Frameworks */,
				00ED1ECB204FEB27008CB70A /* Resources */,
			);
			buildRules = (
			);
			dependencies = (
			);
			name = History;
			productName = History;
			productReference = 00ED1ECD204FEB27008CB70A /* History.app */;
			productType = "com.apple.product-type.application";
		};
		00ED1EE3204FEB29008CB70A /* HistoryTests */ = {
			isa = PBXNativeTarget;
			buildConfigurationList = 00ED1EFB204FEB2A008CB70A /* Build configuration list for PBXNativeTarget "HistoryTests" */;
			buildPhases = (
				00ED1EE0204FEB29008CB70A /* Sources */,
				00ED1EE1204FEB29008CB70A /* Frameworks */,
				00ED1EE2204FEB29008CB70A /* Resources */,
			);
			buildRules = (
			);
			dependencies = (
				00ED1EE6204FEB29008CB70A /* PBXTargetDependency */,
			);
			name = HistoryTests;
			productName = HistoryTests;
			productReference = 00ED1EE4204FEB29008CB70A /* HistoryTests.xctest */;
			productType = "com.apple.product-type.bundle.unit-test";
		};
		00ED1EEE204FEB2A008CB70A /* HistoryUITests */ = {
			isa = PBXNativeTarget;
			buildConfigurationList = 00ED1EFE204FEB2A008CB70A /* Build configuration list for PBXNativeTarget "HistoryUITests" */;
			buildPhases = (
				00ED1EEB204FEB2A008CB70A /* Sources */,
				00ED1EEC204FEB2A008CB70A /* Frameworks */,
				00ED1EED204FEB2A008CB70A /* Resources */,
			);
			buildRules = (
			);
			dependencies = (
				00ED1EF1204FEB2A008CB70A /* PBXTargetDependency */,
			);
			name = HistoryUITests;
			productName = HistoryUITests;
			productReference = 00ED1EEF204FEB2A008CB70A /* HistoryUITests.xctest */;
			productType = "com.apple.product-type.bundle.ui-testing";
		};
/* End PBXNativeTarget section */

/* Begin PBXProject section */
		00ED1EC5204FEB27008CB70A /* Project object */ = {
			isa = PBXProject;
			attributes = {
				LastSwiftUpdateCheck = 0920;
				LastUpgradeCheck = 0920;
				ORGANIZATIONNAME = GSS;
				TargetAttributes = {
					00ED1ECC204FEB27008CB70A = {
						CreatedOnToolsVersion = 9.2;
						ProvisioningStyle = Automatic;
					};
					00ED1EE3204FEB29008CB70A = {
						CreatedOnToolsVersion = 9.2;
						ProvisioningStyle = Automatic;
						TestTargetID = 00ED1ECC204FEB27008CB70A;
					};
					00ED1EEE204FEB2A008CB70A = {
						CreatedOnToolsVersion = 9.2;
						ProvisioningStyle = Automatic;
						TestTargetID = 00ED1ECC204FEB27008CB70A;
					};
				};
			};
			buildConfigurationList = 00ED1EC8204FEB27008CB70A /* Build configuration list for PBXProject "History" */;
			compatibilityVersion = "Xcode 8.0";
			developmentRegion = en;
			hasScannedForEncodings = 0;
			knownRegions = (
				en,
				Base,
			);
			mainGroup = 00ED1EC4204FEB27008CB70A;
			productRefGroup = 00ED1ECE204FEB27008CB70A /* Products */;
			projectDirPath = "";
			projectRoot = "";
			targets = (
				00ED1ECC204FEB27008CB70A /* History */,
				00ED1EE3204FEB29008CB70A /* HistoryTests */,
				00ED1EEE204FEB2A008CB70A /* HistoryUITests */,
			);
		};
/* End PBXProject section */

/* Begin PBXResourcesBuildPhase section */
		00ED1ECB204FEB27008CB70A /* Resources */ = {
			isa = PBXResourcesBuildPhase;
			buildActionMask = 2147483647;
			files = (
				00ED1EDE204FEB29008CB70A /* LaunchScreen.storyboard in Resources */,
				00ED1EDB204FEB29008CB70A /* Assets.xcassets in Resources */,
				00ED1ED6204FEB28008CB70A /* Main.storyboard in Resources */,
			);
			runOnlyForDeploymentPostprocessing = 0;
		};
		00ED1EE2204FEB29008CB70A /* Resources */ = {
			isa = PBXResourcesBuildPhase;
			buildActionMask = 2147483647;
			files = (
			);
			runOnlyForDeploymentPostprocessing = 0;
		};
		00ED1EED204FEB2A008CB70A /* Resources */ = {
			isa = PBXResourcesBuildPhase;
			buildActionMask = 2147483647;
			files = (
			);
			runOnlyForDeploymentPostprocessing = 0;
		};
/* End PBXResourcesBuildPhase section */

/* Begin PBXSourcesBuildPhase section */
		00ED1EC9204FEB27008CB70A /* Sources */ = {
			isa = PBXSourcesBuildPhase;
			buildActionMask = 2147483647;
			files = (
				00ED1ED3204FEB28008CB70A /* ViewController.swift in Sources */,
				00ED1ED9204FEB29008CB70A /* History.xcdatamodeld in Sources */,
				00ED1ED1204FEB28008CB70A /* AppDelegate.swift in Sources */,
			);
			runOnlyForDeploymentPostprocessing = 0;
		};
		00ED1EE0204FEB29008CB70A /* Sources */ = {
			isa = PBXSourcesBuildPhase;
			buildActionMask = 2147483647;
			files = (
				00ED1EE9204FEB2A008CB70A /* HistoryTests.swift in Sources */,
			);
			runOnlyForDeploymentPostprocessing = 0;
		};
		00ED1EEB204FEB2A008CB70A /* Sources */ = {
			isa = PBXSourcesBuildPhase;
			buildActionMask = 2147483647;
			files = (
				00ED1EF4204FEB2A008CB70A /* HistoryUITests.swift in Sources */,
			);
			runOnlyForDeploymentPostprocessing = 0;
		};
/* End PBXSourcesBuildPhase section */

/* Begin PBXTargetDependency section */
		00ED1EE6204FEB29008CB70A /* PBXTargetDependency */ = {
			isa = PBXTargetDependency;
			target = 00ED1ECC204FEB27008CB70A /* History */;
			targetProxy = 00ED1EE5204FEB29008CB70A /* PBXContainerItemProxy */;
		};
		00ED1EF1204FEB2A008CB70A /* PBXTargetDependency */ = {
			isa = PBXTargetDependency;
			target = 00ED1ECC204FEB27008CB70A /* History */;
			targetProxy = 00ED1EF0204FEB2A008CB70A /* PBXContainerItemProxy */;
		};
/* End PBXTargetDependency section */

/* Begin PBXVariantGroup section */
		00ED1ED4204FEB28008CB70A /* Main.storyboard */ = {
			isa = PBXVariantGroup;
			children = (
				00ED1ED5204FEB28008CB70A /* Base */,
			);
			name = Main.storyboard;
			sourceTree = "<group>";
		};
		00ED1EDC204FEB29008CB70A /* LaunchScreen.storyboard */ = {
			isa = PBXVariantGroup;
			children = (
				00ED1EDD204FEB29008CB70A /* Base */,
			);
			name = LaunchScreen.storyboard;
			sourceTree = "<group>";
		};
/* End PBXVariantGroup section */

/* Begin XCBuildConfiguration section */
		00ED1EF6204FEB2A008CB70A /* Debug */ = {
			isa = XCBuildConfiguration;
			buildSettings = {
				ALWAYS_SEARCH_USER_PATHS = NO;
				CLANG_ANALYZER_NONNULL = YES;
				CLANG_ANALYZER_NUMBER_OBJECT_CONVERSION = YES_AGGRESSIVE;
				CLANG_CXX_LANGUAGE_STANDARD = "gnu++14";
				CLANG_CXX_LIBRARY = "libc++";
				CLANG_ENABLE_MODULES = YES;
				CLANG_ENABLE_OBJC_ARC = YES;
				CLANG_WARN_BLOCK_CAPTURE_AUTORELEASING = YES;
				CLANG_WARN_BOOL_CONVERSION = YES;
				CLANG_WARN_COMMA = YES;
				CLANG_WARN_CONSTANT_CONVERSION = YES;
				CLANG_WARN_DIRECT_OBJC_ISA_USAGE = YES_ERROR;
				CLANG_WARN_DOCUMENTATION_COMMENTS = YES;
				CLANG_WARN_EMPTY_BODY = YES;
				CLANG_WARN_ENUM_CONVERSION = YES;
				CLANG_WARN_INFINITE_RECURSION = YES;
				CLANG_WARN_INT_CONVERSION = YES;
				CLANG_WARN_NON_LITERAL_NULL_CONVERSION = YES;
				CLANG_WARN_OBJC_LITERAL_CONVERSION = YES;
				CLANG_WARN_OBJC_ROOT_CLASS = YES_ERROR;
				CLANG_WARN_RANGE_LOOP_ANALYSIS = YES;
				CLANG_WARN_STRICT_PROTOTYPES = YES;
				CLANG_WARN_SUSPICIOUS_MOVE = YES;
				CLANG_WARN_UNGUARDED_AVAILABILITY = YES_AGGRESSIVE;
				CLANG_WARN_UNREACHABLE_CODE = YES;
				CLANG_WARN__DUPLICATE_METHOD_MATCH = YES;
				CODE_SIGN_IDENTITY = "iPhone Developer";
				COPY_PHASE_STRIP = NO;
				DEBUG_INFORMATION_FORMAT = dwarf;
				ENABLE_STRICT_OBJC_MSGSEND = YES;
				ENABLE_TESTABILITY = YES;
				GCC_C_LANGUAGE_STANDARD = gnu11;
				GCC_DYNAMIC_NO_PIC = NO;
				GCC_NO_COMMON_BLOCKS = YES;
				GCC_OPTIMIZATION_LEVEL = 0;
				GCC_PREPROCESSOR_DEFINITIONS = (
					"DEBUG=1",
					"$(inherited)",
				);
				GCC_WARN_64_TO_32_BIT_CONVERSION = YES;
				GCC_WARN_ABOUT_RETURN_TYPE = YES_ERROR;
				GCC_WARN_UNDECLARED_SELECTOR = YES;
				GCC_WARN_UNINITIALIZED_AUTOS = YES_AGGRESSIVE;
				GCC_WARN_UNUSED_FUNCTION = YES;
				GCC_WARN_UNUSED_VARIABLE = YES;
				IPHONEOS_DEPLOYMENT_TARGET = 11.2;
				MTL_ENABLE_DEBUG_INFO = YES;
				ONLY_ACTIVE_ARCH = YES;
				SDKROOT = iphoneos;
				SWIFT_ACTIVE_COMPILATION_CONDITIONS = DEBUG;
				SWIFT_OPTIMIZATION_LEVEL = "-Onone";
			};
			name = Debug;
		};
		00ED1EF7204FEB2A008CB70A /* Release */ = {
			isa = XCBuildConfiguration;
			buildSettings = {
				ALWAYS_SEARCH_USER_PATHS = NO;
				CLANG_ANALYZER_NONNULL = YES;
				CLANG_ANALYZER_NUMBER_OBJECT_CONVERSION = YES_AGGRESSIVE;
				CLANG_CXX_LANGUAGE_STANDARD = "gnu++14";
				CLANG_CXX_LIBRARY = "libc++";
				CLANG_ENABLE_MODULES = YES;
				CLANG_ENABLE_OBJC_ARC = YES;
				CLANG_WARN_BLOCK_CAPTURE_AUTORELEASING = YES;
				CLANG_WARN_BOOL_CONVERSION = YES;
				CLANG_WARN_COMMA = YES;
				CLANG_WARN_CONSTANT_CONVERSION = YES;
				CLANG_WARN_DIRECT_OBJC_ISA_USAGE = YES_ERROR;
				CLANG_WARN_DOCUMENTATION_COMMENTS = YES;
				CLANG_WARN_EMPTY_BODY = YES;
				CLANG_WARN_ENUM_CONVERSION = YES;
				CLANG_WARN_INFINITE_RECURSION = YES;
				CLANG_WARN_INT_CONVERSION = YES;
				CLANG_WARN_NON_LITERAL_NULL_CONVERSION = YES;
				CLANG_WARN_OBJC_LITERAL_CONVERSION = YES;
				CLANG_WARN_OBJC_ROOT_CLASS = YES_ERROR;
				CLANG_WARN_RANGE_LOOP_ANALYSIS = YES;
				CLANG_WARN_STRICT_PROTOTYPES = YES;
				CLANG_WARN_SUSPICIOUS_MOVE = YES;
				CLANG_WARN_UNGUARDED_AVAILABILITY = YES_AGGRESSIVE;
				CLANG_WARN_UNREACHABLE_CODE = YES;
				CLANG_WARN__DUPLICATE_METHOD_MATCH = YES;
				CODE_SIGN_IDENTITY = "iPhone Developer";
				COPY_PHASE_STRIP = NO;
				DEBUG_INFORMATION_FORMAT = "dwarf-with-dsym";
				ENABLE_NS_ASSERTIONS = NO;
				ENABLE_STRICT_OBJC_MSGSEND = YES;
				GCC_C_LANGUAGE_STANDARD = gnu11;
				GCC_NO_COMMON_BLOCKS = YES;
				GCC_WARN_64_TO_32_BIT_CONVERSION = YES;
				GCC_WARN_ABOUT_RETURN_TYPE = YES_ERROR;
				GCC_WARN_UNDECLARED_SELECTOR = YES;
				GCC_WARN_UNINITIALIZED_AUTOS = YES_AGGRESSIVE;
				GCC_WARN_UNUSED_FUNCTION = YES;
				GCC_WARN_UNUSED_VARIABLE = YES;
				IPHONEOS_DEPLOYMENT_TARGET = 11.2;
				MTL_ENABLE_DEBUG_INFO = NO;
				SDKROOT = iphoneos;
				SWIFT_OPTIMIZATION_LEVEL = "-Owholemodule";
				VALIDATE_PRODUCT = YES;
			};
			name = Release;
		};
		00ED1EF9204FEB2A008CB70A /* Debug */ = {
			isa = XCBuildConfiguration;
			buildSettings = {
				ASSETCATALOG_COMPILER_APPICON_NAME = AppIcon;
				CODE_SIGN_STYLE = Automatic;
				DEVELOPMENT_TEAM = P34G6RK5WS;
				INFOPLIST_FILE = History/Info.plist;
				LD_RUNPATH_SEARCH_PATHS = "$(inherited) @executable_path/Frameworks";
				PRODUCT_BUNDLE_IDENTIFIER = com.gss.History;
				PRODUCT_NAME = "$(TARGET_NAME)";
				SWIFT_VERSION = 4.0;
				TARGETED_DEVICE_FAMILY = "1,2";
			};
			name = Debug;
		};
		00ED1EFA204FEB2A008CB70A /* Release */ = {
			isa = XCBuildConfiguration;
			buildSettings = {
				ASSETCATALOG_COMPILER_APPICON_NAME = AppIcon;
				CODE_SIGN_STYLE = Automatic;
				DEVELOPMENT_TEAM = P34G6RK5WS;
				INFOPLIST_FILE = History/Info.plist;
				LD_RUNPATH_SEARCH_PATHS = "$(inherited) @executable_path/Frameworks";
				PRODUCT_BUNDLE_IDENTIFIER = com.gss.History;
				PRODUCT_NAME = "$(TARGET_NAME)";
				SWIFT_VERSION = 4.0;
				TARGETED_DEVICE_FAMILY = "1,2";
			};
			name = Release;
		};
		00ED1EFC204FEB2A008CB70A /* Debug */ = {
			isa = XCBuildConfiguration;
			buildSettings = {
				ALWAYS_EMBED_SWIFT_STANDARD_LIBRARIES = YES;
				BUNDLE_LOADER = "$(TEST_HOST)";
				CODE_SIGN_STYLE = Automatic;
				DEVELOPMENT_TEAM = P34G6RK5WS;
				INFOPLIST_FILE = HistoryTests/Info.plist;
				LD_RUNPATH_SEARCH_PATHS = "$(inherited) @executable_path/Frameworks @loader_path/Frameworks";
				PRODUCT_BUNDLE_IDENTIFIER = com.gss.HistoryTests;
				PRODUCT_NAME = "$(TARGET_NAME)";
				SWIFT_VERSION = 4.0;
				TARGETED_DEVICE_FAMILY = "1,2";
				TEST_HOST = "$(BUILT_PRODUCTS_DIR)/History.app/History";
			};
			name = Debug;
		};
		00ED1EFD204FEB2A008CB70A /* Release */ = {
			isa = XCBuildConfiguration;
			buildSettings = {
				ALWAYS_EMBED_SWIFT_STANDARD_LIBRARIES = YES;
				BUNDLE_LOADER = "$(TEST_HOST)";
				CODE_SIGN_STYLE = Automatic;
				DEVELOPMENT_TEAM = P34G6RK5WS;
				INFOPLIST_FILE = HistoryTests/Info.plist;
				LD_RUNPATH_SEARCH_PATHS = "$(inherited) @executable_path/Frameworks @loader_path/Frameworks";
				PRODUCT_BUNDLE_IDENTIFIER = com.gss.HistoryTests;
				PRODUCT_NAME = "$(TARGET_NAME)";
				SWIFT_VERSION = 4.0;
				TARGETED_DEVICE_FAMILY = "1,2";
				TEST_HOST = "$(BUILT_PRODUCTS_DIR)/History.app/History";
			};
			name = Release;
		};
		00ED1EFF204FEB2A008CB70A /* Debug */ = {
			isa = XCBuildConfiguration;
			buildSettings = {
				ALWAYS_EMBED_SWIFT_STANDARD_LIBRARIES = YES;
				CODE_SIGN_STYLE = Automatic;
				DEVELOPMENT_TEAM = P34G6RK5WS;
				INFOPLIST_FILE = HistoryUITests/Info.plist;
				LD_RUNPATH_SEARCH_PATHS = "$(inherited) @executable_path/Frameworks @loader_path/Frameworks";
				PRODUCT_BUNDLE_IDENTIFIER = com.gss.HistoryUITests;
				PRODUCT_NAME = "$(TARGET_NAME)";
				SWIFT_VERSION = 4.0;
				TARGETED_DEVICE_FAMILY = "1,2";
				TEST_TARGET_NAME = History;
			};
			name = Debug;
		};
		00ED1F00204FEB2A008CB70A /* Release */ = {
			isa = XCBuildConfiguration;
			buildSettings = {
				ALWAYS_EMBED_SWIFT_STANDARD_LIBRARIES = YES;
				CODE_SIGN_STYLE = Automatic;
				DEVELOPMENT_TEAM = P34G6RK5WS;
				INFOPLIST_FILE = HistoryUITests/Info.plist;
				LD_RUNPATH_SEARCH_PATHS = "$(inherited) @executable_path/Frameworks @loader_path/Frameworks";
				PRODUCT_BUNDLE_IDENTIFIER = com.gss.HistoryUITests;
				PRODUCT_NAME = "$(TARGET_NAME)";
				SWIFT_VERSION = 4.0;
				TARGETED_DEVICE_FAMILY = "1,2";
				TEST_TARGET_NAME = History;
			};
			name = Release;
		};
/* End XCBuildConfiguration section */

/* Begin XCConfigurationList section */
		00ED1EC8204FEB27008CB70A /* Build configuration list for PBXProject "History" */ = {
			isa = XCConfigurationList;
			buildConfigurations = (
				00ED1EF6204FEB2A008CB70A /* Debug */,
				00ED1EF7204FEB2A008CB70A /* Release */,
			);
			defaultConfigurationIsVisible = 0;
			defaultConfigurationName = Release;
		};
		00ED1EF8204FEB2A008CB70A /* Build configuration list for PBXNativeTarget "History" */ = {
			isa = XCConfigurationList;
			buildConfigurations = (
				00ED1EF9204FEB2A008CB70A /* Debug */,
				00ED1EFA204FEB2A008CB70A /* Release */,
			);
			defaultConfigurationIsVisible = 0;
			defaultConfigurationName = Release;
		};
		00ED1EFB204FEB2A008CB70A /* Build configuration list for PBXNativeTarget "HistoryTests" */ = {
			isa = XCConfigurationList;
			buildConfigurations = (
				00ED1EFC204FEB2A008CB70A /* Debug */,
				00ED1EFD204FEB2A008CB70A /* Release */,
			);
			defaultConfigurationIsVisible = 0;
			defaultConfigurationName = Release;
		};
		00ED1EFE204FEB2A008CB70A /* Build configuration list for PBXNativeTarget "HistoryUITests" */ = {
			isa = XCConfigurationList;
			buildConfigurations = (
				00ED1EFF204FEB2A008CB70A /* Debug */,
				00ED1F00204FEB2A008CB70A /* Release */,
			);
			defaultConfigurationIsVisible = 0;
			defaultConfigurationName = Release;
		};
/* End XCConfigurationList section */

/* Begin XCVersionGroup section */
		00ED1ED7204FEB28008CB70A /* History.xcdatamodeld */ = {
			isa = XCVersionGroup;
			children = (
				00ED1ED8204FEB28008CB70A /* History.xcdatamodel */,
			);
			currentVersion = 00ED1ED8204FEB28008CB70A /* History.xcdatamodel */;
			path = History.xcdatamodeld;
			sourceTree = "<group>";
			versionGroupType = wrapper.xcdatamodel;
		};
/* End XCVersionGroup section */
	};
	rootObject = 00ED1EC5204FEB27008CB70A /* Project object */;
}
